{
  "nodes": {
    "flakeNimbleLib": {
      "inputs": {
        "nixpkgs": [
          "nixpkgs"
        ]
      },
      "locked": {
        "lastModified": 1662018438,
        "narHash": "sha256-QtNtU6+LX3Wokxf0zlFwKTFOcn6TeDjKQZ+DA9OYtvM=",
        "owner": "riinr",
        "repo": "nim-flakes-lib",
        "rev": "b1fe8340736e3a85d25c709ac3dfd82a55c03cbf",
        "type": "github"
      },
      "original": {
        "owner": "riinr",
        "ref": "master",
        "repo": "nim-flakes-lib",
        "type": "github"
      }
    },
    "nixpkgs": {
      "locked": {
        "lastModified": 1667110639,
        "narHash": "sha256-4FbPESZ5LbqQxkJJJBAfk/zKgF9h/4kyUwjjpJwYlbc=",
        "owner": "NixOS",
        "repo": "nixpkgs",
        "rev": "f38a1f04d1bec1feb61fd101a0539ae2002a7087",
        "type": "github"
      },
      "original": {
        "id": "nixpkgs",
        "type": "indirect"
      }
    },
    "root": {
      "inputs": {
        "flakeNimbleLib": "flakeNimbleLib",
        "nixpkgs": "nixpkgs",
        "threading-master": "threading-master"
      }
    },
    "src-threading-master": {
      "flake": false,
      "locked": {
        "lastModified": 1648646144,
        "narHash": "sha256-T7cCcMTeZQ0Vspaorak68moO1EUe6QkcIjLrfI137rg=",
        "owner": "nim-lang",
        "repo": "threading",
        "rev": "49562fa0d393e765823b2ea96ca14fbb9889a566",
        "type": "github"
      },
      "original": {
        "owner": "nim-lang",
        "ref": "refs/heads/master",
        "repo": "threading",
        "type": "github"
      }
    },
    "threading-master": {
      "inputs": {
        "flakeNimbleLib": [
          "flakeNimbleLib"
        ],
        "nixpkgs": [
          "nixpkgs"
        ],
        "src-threading-master": "src-threading-master"
      },
      "locked": {
        "dir": "master",
        "lastModified": 1662254883,
        "narHash": "sha256-rlEFCc53ghnSvQ2sS6EvkF9Oy/IrygUcGX48IvXvJOM=",
        "owner": "nim-nix-pkgs",
        "repo": "threading",
        "rev": "69fb14924ddd50ef1a053b53bad7b9d573f4b4e1",
        "type": "github"
      },
      "original": {
        "dir": "master",
        "owner": "nim-nix-pkgs",
        "ref": "master",
        "repo": "threading",
        "type": "github"
      }
    }
  },
  "root": "root",
  "version": 7
}
